// !$*UTF8*$!
{
	archiveVersion = 1;
	classes = {
	};
	objectVersion = 48;
	objects = {

/* Begin PBXBuildFile section */
		8B8CBA212086A2930032E867 /* AppDelegate.swift in Sources */ = {isa = PBXBuildFile; fileRef = 8B8CBA202086A2930032E867 /* AppDelegate.swift */; };
		8B8CBA232086A2930032E867 /* ViewController.swift in Sources */ = {isa = PBXBuildFile; fileRef = 8B8CBA222086A2930032E867 /* ViewController.swift */; };
		8B8CBA262086A2930032E867 /* Main.storyboard in Resources */ = {isa = PBXBuildFile; fileRef = 8B8CBA242086A2930032E867 /* Main.storyboard */; };
		8B8CBA282086A2930032E867 /* Assets.xcassets in Resources */ = {isa = PBXBuildFile; fileRef = 8B8CBA272086A2930032E867 /* Assets.xcassets */; };
		8B8CBA2B2086A2930032E867 /* LaunchScreen.storyboard in Resources */ = {isa = PBXBuildFile; fileRef = 8B8CBA292086A2930032E867 /* LaunchScreen.storyboard */; };
		8B8CBA362086A2930032E867 /* DrinkShakerProjTests.swift in Sources */ = {isa = PBXBuildFile; fileRef = 8B8CBA352086A2930032E867 /* DrinkShakerProjTests.swift */; };
/* End PBXBuildFile section */

/* Begin PBXContainerItemProxy section */
		8B8CBA322086A2930032E867 /* PBXContainerItemProxy */ = {
			isa = PBXContainerItemProxy;
			containerPortal = 8B8CBA152086A2930032E867 /* Project object */;
			proxyType = 1;
			remoteGlobalIDString = 8B8CBA1C2086A2930032E867;
			remoteInfo = DrinkShakerProj;
		};
/* End PBXContainerItemProxy section */

/* Begin PBXFileReference section */
		8B8CBA1D2086A2930032E867 /* DrinkShakerProj.app */ = {isa = PBXFileReference; explicitFileType = wrapper.application; includeInIndex = 0; path = DrinkShakerProj.app; sourceTree = BUILT_PRODUCTS_DIR; };
		8B8CBA202086A2930032E867 /* AppDelegate.swift */ = {isa = PBXFileReference; lastKnownFileType = sourcecode.swift; path = AppDelegate.swift; sourceTree = "<group>"; };
		8B8CBA222086A2930032E867 /* ViewController.swift */ = {isa = PBXFileReference; lastKnownFileType = sourcecode.swift; path = ViewController.swift; sourceTree = "<group>"; };
		8B8CBA252086A2930032E867 /* Base */ = {isa = PBXFileReference; lastKnownFileType = file.storyboard; name = Base; path = Base.lproj/Main.storyboard; sourceTree = "<group>"; };
		8B8CBA272086A2930032E867 /* Assets.xcassets */ = {isa = PBXFileReference; lastKnownFileType = folder.assetcatalog; path = Assets.xcassets; sourceTree = "<group>"; };
		8B8CBA2A2086A2930032E867 /* Base */ = {isa = PBXFileReference; lastKnownFileType = file.storyboard; name = Base; path = Base.lproj/LaunchScreen.storyboard; sourceTree = "<group>"; };
		8B8CBA2C2086A2930032E867 /* Info.plist */ = {isa = PBXFileReference; lastKnownFileType = text.plist.xml; path = Info.plist; sourceTree = "<group>"; };
		8B8CBA312086A2930032E867 /* DrinkShakerProjTests.xctest */ = {isa = PBXFileReference; explicitFileType = wrapper.cfbundle; includeInIndex = 0; path = DrinkShakerProjTests.xctest; sourceTree = BUILT_PRODUCTS_DIR; };
		8B8CBA352086A2930032E867 /* DrinkShakerProjTests.swift */ = {isa = PBXFileReference; lastKnownFileType = sourcecode.swift; path = DrinkShakerProjTests.swift; sourceTree = "<group>"; };
		8B8CBA372086A2930032E867 /* Info.plist */ = {isa = PBXFileReference; lastKnownFileType = text.plist.xml; path = Info.plist; sourceTree = "<group>"; };
/* End PBXFileReference section */

/* Begin PBXFrameworksBuildPhase section */
		8B8CBA1A2086A2930032E867 /* Frameworks */ = {
			isa = PBXFrameworksBuildPhase;
			buildActionMask = 2147483647;
			files = (
			);
			runOnlyForDeploymentPostprocessing = 0;
		};
		8B8CBA2E2086A2930032E867 /* Frameworks */ = {
			isa = PBXFrameworksBuildPhase;
			buildActionMask = 2147483647;
			files = (
			);
			runOnlyForDeploymentPostprocessing = 0;
		};
/* End PBXFrameworksBuildPhase section */

/* Begin PBXGroup section */
		8B8CBA142086A2930032E867 = {
			isa = PBXGroup;
			children = (
				8B8CBA1F2086A2930032E867 /* DrinkShakerProj */,
				8B8CBA342086A2930032E867 /* DrinkShakerProjTests */,
				8B8CBA1E2086A2930032E867 /* Products */,
			);
			sourceTree = "<group>";
		};
		8B8CBA1E2086A2930032E867 /* Products */ = {
			isa = PBXGroup;
			children = (
				8B8CBA1D2086A2930032E867 /* DrinkShakerProj.app */,
				8B8CBA312086A2930032E867 /* DrinkShakerProjTests.xctest */,
			);
			name = Products;
			sourceTree = "<group>";
		};
		8B8CBA1F2086A2930032E867 /* DrinkShakerProj */ = {
			isa = PBXGroup;
			children = (
				8B8CBA202086A2930032E867 /* AppDelegate.swift */,
				8B8CBA222086A2930032E867 /* ViewController.swift */,
				8B8CBA242086A2930032E867 /* Main.storyboard */,
				8B8CBA272086A2930032E867 /* Assets.xcassets */,
				8B8CBA292086A2930032E867 /* LaunchScreen.storyboard */,
				8B8CBA2C2086A2930032E867 /* Info.plist */,
			);
			path = DrinkShakerProj;
			sourceTree = "<group>";
		};
		8B8CBA342086A2930032E867 /* DrinkShakerProjTests */ = {
			isa = PBXGroup;
			children = (
				8B8CBA352086A2930032E867 /* DrinkShakerProjTests.swift */,
				8B8CBA372086A2930032E867 /* Info.plist */,
			);
			path = DrinkShakerProjTests;
			sourceTree = "<group>";
		};
/* End PBXGroup section */

/* Begin PBXNativeTarget section */
		8B8CBA1C2086A2930032E867 /* DrinkShakerProj */ = {
			isa = PBXNativeTarget;
			buildConfigurationList = 8B8CBA3A2086A2930032E867 /* Build configuration list for PBXNativeTarget "DrinkShakerProj" */;
			buildPhases = (
				8B8CBA192086A2930032E867 /* Sources */,
				8B8CBA1A2086A2930032E867 /* Frameworks */,
				8B8CBA1B2086A2930032E867 /* Resources */,
			);
			buildRules = (
			);
			dependencies = (
			);
			name = DrinkShakerProj;
			productName = DrinkShakerProj;
			productReference = 8B8CBA1D2086A2930032E867 /* DrinkShakerProj.app */;
			productType = "com.apple.product-type.application";
		};
		8B8CBA302086A2930032E867 /* DrinkShakerProjTests */ = {
			isa = PBXNativeTarget;
			buildConfigurationList = 8B8CBA3D2086A2930032E867 /* Build configuration list for PBXNativeTarget "DrinkShakerProjTests" */;
			buildPhases = (
				8B8CBA2D2086A2930032E867 /* Sources */,
				8B8CBA2E2086A2930032E867 /* Frameworks */,
				8B8CBA2F2086A2930032E867 /* Resources */,
			);
			buildRules = (
			);
			dependencies = (
				8B8CBA332086A2930032E867 /* PBXTargetDependency */,
			);
			name = DrinkShakerProjTests;
			productName = DrinkShakerProjTests;
			productReference = 8B8CBA312086A2930032E867 /* DrinkShakerProjTests.xctest */;
			productType = "com.apple.product-type.bundle.unit-test";
		};
/* End PBXNativeTarget section */

/* Begin PBXProject section */
		8B8CBA152086A2930032E867 /* Project object */ = {
			isa = PBXProject;
			attributes = {
				LastSwiftUpdateCheck = 0920;
				LastUpgradeCheck = 0920;
				ORGANIZATIONNAME = Shayn;
				TargetAttributes = {
					8B8CBA1C2086A2930032E867 = {
						CreatedOnToolsVersion = 9.2;
						ProvisioningStyle = Automatic;
					};
					8B8CBA302086A2930032E867 = {
						CreatedOnToolsVersion = 9.2;
						ProvisioningStyle = Automatic;
						TestTargetID = 8B8CBA1C2086A2930032E867;
					};
				};
			};
			buildConfigurationList = 8B8CBA182086A2930032E867 /* Build configuration list for PBXProject "DrinkShakerProj" */;
			compatibilityVersion = "Xcode 8.0";
			developmentRegion = en;
			hasScannedForEncodings = 0;
			knownRegions = (
				en,
				Base,
			);
			mainGroup = 8B8CBA142086A2930032E867;
			productRefGroup = 8B8CBA1E2086A2930032E867 /* Products */;
			projectDirPath = "";
			projectRoot = "";
			targets = (
				8B8CBA1C2086A2930032E867 /* DrinkShakerProj */,
				8B8CBA302086A2930032E867 /* DrinkShakerProjTests */,
			);
		};
/* End PBXProject section */

/* Begin PBXResourcesBuildPhase section */
		8B8CBA1B2086A2930032E867 /* Resources */ = {
			isa = PBXResourcesBuildPhase;
			buildActionMask = 2147483647;
			files = (
				8B8CBA2B2086A2930032E867 /* LaunchScreen.storyboard in Resources */,
				8B8CBA282086A2930032E867 /* Assets.xcassets in Resources */,
				8B8CBA262086A2930032E867 /* Main.storyboard in Resources */,
			);
			runOnlyForDeploymentPostprocessing = 0;
		};
		8B8CBA2F2086A2930032E867 /* Resources */ = {
			isa = PBXResourcesBuildPhase;
			buildActionMask = 2147483647;
			files = (
			);
			runOnlyForDeploymentPostprocessing = 0;
		};
/* End PBXResourcesBuildPhase section */

/* Begin PBXSourcesBuildPhase section */
		8B8CBA192086A2930032E867 /* Sources */ = {
			isa = PBXSourcesBuildPhase;
			buildActionMask = 2147483647;
			files = (
				8B8CBA232086A2930032E867 /* ViewController.swift in Sources */,
				8B8CBA212086A2930032E867 /* AppDelegate.swift in Sources */,
			);
			runOnlyForDeploymentPostprocessing = 0;
		};
		8B8CBA2D2086A2930032E867 /* Sources */ = {
			isa = PBXSourcesBuildPhase;
			buildActionMask = 2147483647;
			files = (
				8B8CBA362086A2930032E867 /* DrinkShakerProjTests.swift in Sources */,
			);
			runOnlyForDeploymentPostprocessing = 0;
		};
/* End PBXSourcesBuildPhase section */

/* Begin PBXTargetDependency section */
		8B8CBA332086A2930032E867 /* PBXTargetDependency */ = {
			isa = PBXTargetDependency;
			target = 8B8CBA1C2086A2930032E867 /* DrinkShakerProj */;
			targetProxy = 8B8CBA322086A2930032E867 /* PBXContainerItemProxy */;
		};
/* End PBXTargetDependency section */

/* Begin PBXVariantGroup section */
		8B8CBA242086A2930032E867 /* Main.storyboard */ = {
			isa = PBXVariantGroup;
			children = (
				8B8CBA252086A2930032E867 /* Base */,
			);
			name = Main.storyboard;
			sourceTree = "<group>";
		};
		8B8CBA292086A2930032E867 /* LaunchScreen.storyboard */ = {
			isa = PBXVariantGroup;
			children = (
				8B8CBA2A2086A2930032E867 /* Base */,
			);
			name = LaunchScreen.storyboard;
			sourceTree = "<group>";
		};
/* End PBXVariantGroup section */

/* Begin XCBuildConfiguration section */
		8B8CBA382086A2930032E867 /* Debug */ = {
			isa = XCBuildConfiguration;
			buildSettings = {
				ALWAYS_SEARCH_USER_PATHS = NO;
				CLANG_ANALYZER_NONNULL = YES;
				CLANG_ANALYZER_NUMBER_OBJECT_CONVERSION = YES_AGGRESSIVE;
				CLANG_CXX_LANGUAGE_STANDARD = "gnu++14";
				CLANG_CXX_LIBRARY = "libc++";
				CLANG_ENABLE_MODULES = YES;
				CLANG_ENABLE_OBJC_ARC = YES;
				CLANG_WARN_BLOCK_CAPTURE_AUTORELEASING = YES;
				CLANG_WARN_BOOL_CONVERSION = YES;
				CLANG_WARN_COMMA = YES;
				CLANG_WARN_CONSTANT_CONVERSION = YES;
				CLANG_WARN_DIRECT_OBJC_ISA_USAGE = YES_ERROR;
				CLANG_WARN_DOCUMENTATION_COMMENTS = YES;
				CLANG_WARN_EMPTY_BODY = YES;
				CLANG_WARN_ENUM_CONVERSION = YES;
				CLANG_WARN_INFINITE_RECURSION = YES;
				CLANG_WARN_INT_CONVERSION = YES;
				CLANG_WARN_NON_LITERAL_NULL_CONVERSION = YES;
				CLANG_WARN_OBJC_LITERAL_CONVERSION = YES;
				CLANG_WARN_OBJC_ROOT_CLASS = YES_ERROR;
				CLANG_WARN_RANGE_LOOP_ANALYSIS = YES;
				CLANG_WARN_STRICT_PROTOTYPES = YES;
				CLANG_WARN_SUSPICIOUS_MOVE = YES;
				CLANG_WARN_UNGUARDED_AVAILABILITY = YES_AGGRESSIVE;
				CLANG_WARN_UNREACHABLE_CODE = YES;
				CLANG_WARN__DUPLICATE_METHOD_MATCH = YES;
				CODE_SIGN_IDENTITY = "iPhone Developer";
				COPY_PHASE_STRIP = NO;
				DEBUG_INFORMATION_FORMAT = dwarf;
				ENABLE_STRICT_OBJC_MSGSEND = YES;
				ENABLE_TESTABILITY = YES;
				GCC_C_LANGUAGE_STANDARD = gnu11;
				GCC_DYNAMIC_NO_PIC = NO;
				GCC_NO_COMMON_BLOCKS = YES;
				GCC_OPTIMIZATION_LEVEL = 0;
				GCC_PREPROCESSOR_DEFINITIONS = (
					"DEBUG=1",
					"$(inherited)",
				);
				GCC_WARN_64_TO_32_BIT_CONVERSION = YES;
				GCC_WARN_ABOUT_RETURN_TYPE = YES_ERROR;
				GCC_WARN_UNDECLARED_SELECTOR = YES;
				GCC_WARN_UNINITIALIZED_AUTOS = YES_AGGRESSIVE;
				GCC_WARN_UNUSED_FUNCTION = YES;
				GCC_WARN_UNUSED_VARIABLE = YES;
				IPHONEOS_DEPLOYMENT_TARGET = 11.2;
				MTL_ENABLE_DEBUG_INFO = YES;
				ONLY_ACTIVE_ARCH = YES;
				SDKROOT = iphoneos;
				SWIFT_ACTIVE_COMPILATION_CONDITIONS = DEBUG;
				SWIFT_OPTIMIZATION_LEVEL = "-Onone";
			};
			name = Debug;
		};
		8B8CBA392086A2930032E867 /* Release */ = {
			isa = XCBuildConfiguration;
			buildSettings = {
				ALWAYS_SEARCH_USER_PATHS = NO;
				CLANG_ANALYZER_NONNULL = YES;
				CLANG_ANALYZER_NUMBER_OBJECT_CONVERSION = YES_AGGRESSIVE;
				CLANG_CXX_LANGUAGE_STANDARD = "gnu++14";
				CLANG_CXX_LIBRARY = "libc++";
				CLANG_ENABLE_MODULES = YES;
				CLANG_ENABLE_OBJC_ARC = YES;
				CLANG_WARN_BLOCK_CAPTURE_AUTORELEASING = YES;
				CLANG_WARN_BOOL_CONVERSION = YES;
				CLANG_WARN_COMMA = YES;
				CLANG_WARN_CONSTANT_CONVERSION = YES;
				CLANG_WARN_DIRECT_OBJC_ISA_USAGE = YES_ERROR;
				CLANG_WARN_DOCUMENTATION_COMMENTS = YES;
				CLANG_WARN_EMPTY_BODY = YES;
				CLANG_WARN_ENUM_CONVERSION = YES;
				CLANG_WARN_INFINITE_RECURSION = YES;
				CLANG_WARN_INT_CONVERSION = YES;
				CLANG_WARN_NON_LITERAL_NULL_CONVERSION = YES;
				CLANG_WARN_OBJC_LITERAL_CONVERSION = YES;
				CLANG_WARN_OBJC_ROOT_CLASS = YES_ERROR;
				CLANG_WARN_RANGE_LOOP_ANALYSIS = YES;
				CLANG_WARN_STRICT_PROTOTYPES = YES;
				CLANG_WARN_SUSPICIOUS_MOVE = YES;
				CLANG_WARN_UNGUARDED_AVAILABILITY = YES_AGGRESSIVE;
				CLANG_WARN_UNREACHABLE_CODE = YES;
				CLANG_WARN__DUPLICATE_METHOD_MATCH = YES;
				CODE_SIGN_IDENTITY = "iPhone Developer";
				COPY_PHASE_STRIP = NO;
				DEBUG_INFORMATION_FORMAT = "dwarf-with-dsym";
				ENABLE_NS_ASSERTIONS = NO;
				ENABLE_STRICT_OBJC_MSGSEND = YES;
				GCC_C_LANGUAGE_STANDARD = gnu11;
				GCC_NO_COMMON_BLOCKS = YES;
				GCC_WARN_64_TO_32_BIT_CONVERSION = YES;
				GCC_WARN_ABOUT_RETURN_TYPE = YES_ERROR;
				GCC_WARN_UNDECLARED_SELECTOR = YES;
				GCC_WARN_UNINITIALIZED_AUTOS = YES_AGGRESSIVE;
				GCC_WARN_UNUSED_FUNCTION = YES;
				GCC_WARN_UNUSED_VARIABLE = YES;
				IPHONEOS_DEPLOYMENT_TARGET = 11.2;
				MTL_ENABLE_DEBUG_INFO = NO;
				SDKROOT = iphoneos;
				SWIFT_OPTIMIZATION_LEVEL = "-Owholemodule";
				VALIDATE_PRODUCT = YES;
			};
			name = Release;
		};
		8B8CBA3B2086A2930032E867 /* Debug */ = {
			isa = XCBuildConfiguration;
			buildSettings = {
				ASSETCATALOG_COMPILER_APPICON_NAME = AppIcon;
				CODE_SIGN_STYLE = Automatic;
				DEVELOPMENT_TEAM = N78J6BJEHS;
				INFOPLIST_FILE = DrinkShakerProj/Info.plist;
				LD_RUNPATH_SEARCH_PATHS = "$(inherited) @executable_path/Frameworks";
				PRODUCT_BUNDLE_IDENTIFIER = Hoy.DrinkShakerProj;
				PRODUCT_NAME = "$(TARGET_NAME)";
				SWIFT_VERSION = 4.0;
				TARGETED_DEVICE_FAMILY = "1,2";
			};
			name = Debug;
		};
		8B8CBA3C2086A2930032E867 /* Release */ = {
			isa = XCBuildConfiguration;
			buildSettings = {
				ASSETCATALOG_COMPILER_APPICON_NAME = AppIcon;
				CODE_SIGN_STYLE = Automatic;
				DEVELOPMENT_TEAM = N78J6BJEHS;
				INFOPLIST_FILE = DrinkShakerProj/Info.plist;
				LD_RUNPATH_SEARCH_PATHS = "$(inherited) @executable_path/Frameworks";
				PRODUCT_BUNDLE_IDENTIFIER = Hoy.DrinkShakerProj;
				PRODUCT_NAME = "$(TARGET_NAME)";
				SWIFT_VERSION = 4.0;
				TARGETED_DEVICE_FAMILY = "1,2";
			};
			name = Release;
		};
		8B8CBA3E2086A2930032E867 /* Debug */ = {
			isa = XCBuildConfiguration;
			buildSettings = {
				ALWAYS_EMBED_SWIFT_STANDARD_LIBRARIES = YES;
				BUNDLE_LOADER = "$(TEST_HOST)";
				CODE_SIGN_STYLE = Automatic;
				DEVELOPMENT_TEAM = N78J6BJEHS;
				INFOPLIST_FILE = DrinkShakerProjTests/Info.plist;
				LD_RUNPATH_SEARCH_PATHS = "$(inherited) @executable_path/Frameworks @loader_path/Frameworks";
				PRODUCT_BUNDLE_IDENTIFIER = Hoy.DrinkShakerProjTests;
				PRODUCT_NAME = "$(TARGET_NAME)";
				SWIFT_VERSION = 4.0;
				TARGETED_DEVICE_FAMILY = "1,2";
				TEST_HOST = "$(BUILT_PRODUCTS_DIR)/DrinkShakerProj.app/DrinkShakerProj";
			};
			name = Debug;
		};
		8B8CBA3F2086A2930032E867 /* Release */ = {
			isa = XCBuildConfiguration;
			buildSettings = {
				ALWAYS_EMBED_SWIFT_STANDARD_LIBRARIES = YES;
				BUNDLE_LOADER = "$(TEST_HOST)";
				CODE_SIGN_STYLE = Automatic;
				DEVELOPMENT_TEAM = N78J6BJEHS;
				INFOPLIST_FILE = DrinkShakerProjTests/Info.plist;
				LD_RUNPATH_SEARCH_PATHS = "$(inherited) @executable_path/Frameworks @loader_path/Frameworks";
				PRODUCT_BUNDLE_IDENTIFIER = Hoy.DrinkShakerProjTests;
				PRODUCT_NAME = "$(TARGET_NAME)";
				SWIFT_VERSION = 4.0;
				TARGETED_DEVICE_FAMILY = "1,2";
				TEST_HOST = "$(BUILT_PRODUCTS_DIR)/DrinkShakerProj.app/DrinkShakerProj";
			};
			name = Release;
		};
/* End XCBuildConfiguration section */

/* Begin XCConfigurationList section */
		8B8CBA182086A2930032E867 /* Build configuration list for PBXProject "DrinkShakerProj" */ = {
			isa = XCConfigurationList;
			buildConfigurations = (
				8B8CBA382086A2930032E867 /* Debug */,
				8B8CBA392086A2930032E867 /* Release */,
			);
			defaultConfigurationIsVisible = 0;
			defaultConfigurationName = Release;
		};
		8B8CBA3A2086A2930032E867 /* Build configuration list for PBXNativeTarget "DrinkShakerProj" */ = {
			isa = XCConfigurationList;
			buildConfigurations = (
				8B8CBA3B2086A2930032E867 /* Debug */,
				8B8CBA3C2086A2930032E867 /* Release */,
			);
			defaultConfigurationIsVisible = 0;
			defaultConfigurationName = Release;
		};
		8B8CBA3D2086A2930032E867 /* Build configuration list for PBXNativeTarget "DrinkShakerProjTests" */ = {
			isa = XCConfigurationList;
			buildConfigurations = (
				8B8CBA3E2086A2930032E867 /* Debug */,
				8B8CBA3F2086A2930032E867 /* Release */,
			);
			defaultConfigurationIsVisible = 0;
			defaultConfigurationName = Release;
		};
/* End XCConfigurationList section */
	};
	rootObject = 8B8CBA152086A2930032E867 /* Project object */;
}
